
Microsoft Visual Studio Solution File, Format Version 12.00
# Visual Studio Version 16
VisualStudioVersion = 16.0.31229.75
MinimumVisualStudioVersion = 10.0.40219.1
Project("{FAE04EC0-301F-11D3-BF4B-00C04F79EFBC}") = "AEShip", "AEShip\AEShip.csproj", "{54DB1959-419F-42DF-B9C5-89DA151B0A3F}"
EndProject
Project("{9A19103F-16F7-4668-BE54-9A1E7A4F7556}") = "AEShip.Service", "AEShip.Service\AEShip.Service.csproj", "{FB0128B5-B181-4FC2-81F0-62B615DB28FF}"
EndProject
Global
	GlobalSection(SolutionConfigurationPlatforms) = preSolution
		Debug|Any CPU = Debug|Any CPU
		Release|Any CPU = Release|Any CPU
	EndGlobalSection
	GlobalSection(ProjectConfigurationPlatforms) = postSolution
		{54DB1959-419F-42DF-B9C5-89DA151B0A3F}.Debug|Any CPU.ActiveCfg = Debug|Any CPU
		{54DB1959-419F-42DF-B9C5-89DA151B0A3F}.Debug|Any CPU.Build.0 = Debug|Any CPU
		{54DB1959-419F-42DF-B9C5-89DA151B0A3F}.Release|Any CPU.ActiveCfg = Release|Any CPU
		{54DB1959-419F-42DF-B9C5-89DA151B0A3F}.Release|Any CPU.Build.0 = Release|Any CPU
		{FB0128B5-B181-4FC2-81F0-62B615DB28FF}.Debug|Any CPU.ActiveCfg = Debug|Any CPU
		{FB0128B5-B181-4FC2-81F0-62B615DB28FF}.Debug|Any CPU.Build.0 = Debug|Any CPU
		{FB0128B5-B181-4FC2-81F0-62B615DB28FF}.Release|Any CPU.ActiveCfg = Release|Any CPU
		{FB0128B5-B181-4FC2-81F0-62B615DB28FF}.Release|Any CPU.Build.0 = Release|Any CPU
	EndGlobalSection
	GlobalSection(SolutionProperties) = preSolution
		HideSolutionNode = FALSE
	EndGlobalSection
	GlobalSection(ExtensibilityGlobals) = postSolution
		SolutionGuid = {3639B9C7-5A3C-4E5A-9B1D-545939B30980}
	EndGlobalSection
EndGlobal
